{
  "nodes": {
    "flake-utils": {
      "inputs": {
        "systems": "systems"
      },
      "locked": {
        "lastModified": 1731533236,
        "narHash": "sha256-l0KFg5HjrsfsO/JpG+r7fRrqm12kzFHyUHqHCVpMMbI=",
        "owner": "numtide",
        "repo": "flake-utils",
        "rev": "11707dc2f618dd54ca8739b309ec4fc024de578b",
        "type": "github"
      },
      "original": {
        "owner": "numtide",
        "repo": "flake-utils",
        "type": "github"
      }
    },
    "mudyla": {
      "inputs": {
        "flake-utils": [
          "flake-utils"
        ],
        "nixpkgs": [
          "nixpkgs"
        ]
      },
      "locked": {
        "lastModified": 1764278888,
        "narHash": "sha256-RRmR6hLsW97AFoVJ3UCH//mcewTQpNrZHItIzxodzbs=",
        "owner": "7mind",
        "repo": "mudyla",
        "rev": "aa1e86c5cbcc8c9b00e1cbf8a188a0ab36c42149",
        "type": "github"
      },
      "original": {
        "owner": "7mind",
        "repo": "mudyla",
        "type": "github"
      }
    },
    "nixpkgs": {
      "locked": {
        "lastModified": 1764521362,
        "narHash": "sha256-M101xMtWdF1eSD0xhiR8nG8CXRlHmv6V+VoY65Smwf4=",
        "owner": "NixOS",
        "repo": "nixpkgs",
        "rev": "871b9fd269ff6246794583ce4ee1031e1da71895",
        "type": "github"
      },
      "original": {
        "owner": "NixOS",
        "ref": "25.11",
        "repo": "nixpkgs",
        "type": "github"
      }
    },
    "root": {
      "inputs": {
        "flake-utils": "flake-utils",
        "mudyla": "mudyla",
        "nixpkgs": "nixpkgs",
        "squish-find-the-brains": "squish-find-the-brains"
      }
    },
    "squish-find-the-brains": {
      "inputs": {
        "flake-utils": [
          "flake-utils"
        ],
        "nixpkgs": [
          "nixpkgs"
        ]
      },
      "locked": {
        "lastModified": 1770235128,
        "narHash": "sha256-gB3zvK+QM7ZiJZny/IWp1HogmfTerOTZVN8QzVT8UOU=",
        "owner": "7mind",
        "repo": "squish-find-the-brains",
        "rev": "a90f677c09fa99676ceebbff7c8f36c3d973ad4e",
        "type": "github"
      },
      "original": {
        "owner": "7mind",
        "repo": "squish-find-the-brains",
        "type": "github"
      }
    },
    "systems": {
      "locked": {
        "lastModified": 1681028828,
        "narHash": "sha256-Vy1rq5AaRuLzOxct8nz4T6wlgyUR7zLU309k9mBC768=",
        "owner": "nix-systems",
        "repo": "default",
        "rev": "da67096a3b9bf56a91d16901293e51ba5b49a27e",
        "type": "github"
      },
      "original": {
        "owner": "nix-systems",
        "repo": "default",
        "type": "github"
      }
    }
  },
  "root": "root",
  "version": 7
}
